{
    "hash": "ccc102b58f6ee8b53b3e804d2206a1cc",
    "packages": [
        {
            "package": "symfony/console",
            "version": "dev-master",
            "alias-pretty-version": "2.1.x-dev",
            "alias-version": "2.1.9999999.9999999-dev"
        },
        {
            "package": "symfony/console",
            "version": "dev-master",
            "source-reference": "808bf42b4b74c12e6c6a6a9750688035f1c49f9c",
            "commit-date": "1340543161"
        },
        {
            "package": "symfony/finder",
            "version": "dev-master",
            "alias-pretty-version": "2.1.x-dev",
            "alias-version": "2.1.9999999.9999999-dev"
        },
        {
            "package": "symfony/finder",
            "version": "dev-master",
            "source-reference": "4d6a965beae234bd0fa7f61681bd8a54df60f042",
            "commit-date": "1341212719"
        },
        {
            "package": "symfony/process",
            "version": "dev-master",
            "alias-pretty-version": "2.1.x-dev",
            "alias-version": "2.1.9999999.9999999-dev"
        },
        {
            "package": "symfony/process",
            "version": "dev-master",
            "source-reference": "abbb6c9a4fcbd070af4e6296753d449dcd4723aa",
            "commit-date": "1341334717"
        }
    ],
    "packages-dev": null,
    "aliases": [

    ],
    "minimum-stability": "stable",
    "stability-flags": {
        "symfony/console": 20,
        "symfony/process": 20,
        "symfony/finder": 20
    }
}
